
Microsoft Visual Studio Solution File, Format Version 12.00
# Visual Studio Version 17
VisualStudioVersion = 17.0.31903.59
MinimumVisualStudioVersion = 10.0.40219.1
Project("{2150E333-8FDC-42A3-9474-1A3956D46DE8}") = "src", "src", "{2D97BB8D-A179-4B02-AABE-097A26C8ECFD}"
EndProject
Project("{FAE04EC0-301F-11D3-BF4B-00C04F79EFBC}") = "Invekto.Shared", "src\Invekto.Shared\Invekto.Shared.csproj", "{15F8FD75-7433-4D26-A091-8B804B50C75C}"
EndProject
Project("{FAE04EC0-301F-11D3-BF4B-00C04F79EFBC}") = "Invekto.ChatAnalysis", "src\Invekto.ChatAnalysis\Invekto.ChatAnalysis.csproj", "{A47EFF60-9716-4E83-823C-1A6AD0F4180B}"
EndProject
Project("{FAE04EC0-301F-11D3-BF4B-00C04F79EFBC}") = "Invekto.Backend", "src\Invekto.Backend\Invekto.Backend.csproj", "{7FBADBCD-80D6-4C6E-BA5F-AF9AC65FD9B5}"
EndProject
Project("{2150E333-8FDC-42A3-9474-1A3956D46DE8}") = "tests", "tests", "{4858822B-FBD3-429F-9855-560EA526C9B1}"
EndProject
Project("{FAE04EC0-301F-11D3-BF4B-00C04F79EFBC}") = "Invekto.Backend.Tests", "tests\Invekto.Backend.Tests\Invekto.Backend.Tests.csproj", "{E280C96A-76FA-4D3D-BAA5-27BDBEA71C9D}"
EndProject
Project("{FAE04EC0-301F-11D3-BF4B-00C04F79EFBC}") = "Invekto.ChatAnalysis.Tests", "tests\Invekto.ChatAnalysis.Tests\Invekto.ChatAnalysis.Tests.csproj", "{0EDF88EB-3AA1-4437-A4EF-40AF8F8ABB20}"
EndProject
Project("{FAE04EC0-301F-11D3-BF4B-00C04F79EFBC}") = "Invekto.Automation", "src\Invekto.Automation\Invekto.Automation.csproj", "{940E6C4F-877B-4CA4-A4F4-2BE9F6FBA5B0}"
EndProject
Project("{FAE04EC0-301F-11D3-BF4B-00C04F79EFBC}") = "Invekto.AgentAI", "src\Invekto.AgentAI\Invekto.AgentAI.csproj", "{B3A1D2E4-5F67-4890-AB12-CD34EF56A789}"
EndProject
Global
	GlobalSection(SolutionConfigurationPlatforms) = preSolution
		Debug|Any CPU = Debug|Any CPU
		Release|Any CPU = Release|Any CPU
	EndGlobalSection
	GlobalSection(SolutionProperties) = preSolution
		HideSolutionNode = FALSE
	EndGlobalSection
	GlobalSection(ProjectConfigurationPlatforms) = postSolution
		{15F8FD75-7433-4D26-A091-8B804B50C75C}.Debug|Any CPU.ActiveCfg = Debug|Any CPU
		{15F8FD75-7433-4D26-A091-8B804B50C75C}.Debug|Any CPU.Build.0 = Debug|Any CPU
		{15F8FD75-7433-4D26-A091-8B804B50C75C}.Release|Any CPU.ActiveCfg = Release|Any CPU
		{15F8FD75-7433-4D26-A091-8B804B50C75C}.Release|Any CPU.Build.0 = Release|Any CPU
		{A47EFF60-9716-4E83-823C-1A6AD0F4180B}.Debug|Any CPU.ActiveCfg = Debug|Any CPU
		{A47EFF60-9716-4E83-823C-1A6AD0F4180B}.Debug|Any CPU.Build.0 = Debug|Any CPU
		{A47EFF60-9716-4E83-823C-1A6AD0F4180B}.Release|Any CPU.ActiveCfg = Release|Any CPU
		{A47EFF60-9716-4E83-823C-1A6AD0F4180B}.Release|Any CPU.Build.0 = Release|Any CPU
		{7FBADBCD-80D6-4C6E-BA5F-AF9AC65FD9B5}.Debug|Any CPU.ActiveCfg = Debug|Any CPU
		{7FBADBCD-80D6-4C6E-BA5F-AF9AC65FD9B5}.Debug|Any CPU.Build.0 = Debug|Any CPU
		{7FBADBCD-80D6-4C6E-BA5F-AF9AC65FD9B5}.Release|Any CPU.ActiveCfg = Release|Any CPU
		{7FBADBCD-80D6-4C6E-BA5F-AF9AC65FD9B5}.Release|Any CPU.Build.0 = Release|Any CPU
		{E280C96A-76FA-4D3D-BAA5-27BDBEA71C9D}.Debug|Any CPU.ActiveCfg = Debug|Any CPU
		{E280C96A-76FA-4D3D-BAA5-27BDBEA71C9D}.Debug|Any CPU.Build.0 = Debug|Any CPU
		{E280C96A-76FA-4D3D-BAA5-27BDBEA71C9D}.Release|Any CPU.ActiveCfg = Release|Any CPU
		{E280C96A-76FA-4D3D-BAA5-27BDBEA71C9D}.Release|Any CPU.Build.0 = Release|Any CPU
		{0EDF88EB-3AA1-4437-A4EF-40AF8F8ABB20}.Debug|Any CPU.ActiveCfg = Debug|Any CPU
		{0EDF88EB-3AA1-4437-A4EF-40AF8F8ABB20}.Debug|Any CPU.Build.0 = Debug|Any CPU
		{0EDF88EB-3AA1-4437-A4EF-40AF8F8ABB20}.Release|Any CPU.ActiveCfg = Release|Any CPU
		{0EDF88EB-3AA1-4437-A4EF-40AF8F8ABB20}.Release|Any CPU.Build.0 = Release|Any CPU
		{940E6C4F-877B-4CA4-A4F4-2BE9F6FBA5B0}.Debug|Any CPU.ActiveCfg = Debug|Any CPU
		{940E6C4F-877B-4CA4-A4F4-2BE9F6FBA5B0}.Debug|Any CPU.Build.0 = Debug|Any CPU
		{940E6C4F-877B-4CA4-A4F4-2BE9F6FBA5B0}.Release|Any CPU.ActiveCfg = Release|Any CPU
		{940E6C4F-877B-4CA4-A4F4-2BE9F6FBA5B0}.Release|Any CPU.Build.0 = Release|Any CPU
		{B3A1D2E4-5F67-4890-AB12-CD34EF56A789}.Debug|Any CPU.ActiveCfg = Debug|Any CPU
		{B3A1D2E4-5F67-4890-AB12-CD34EF56A789}.Debug|Any CPU.Build.0 = Debug|Any CPU
		{B3A1D2E4-5F67-4890-AB12-CD34EF56A789}.Release|Any CPU.ActiveCfg = Release|Any CPU
		{B3A1D2E4-5F67-4890-AB12-CD34EF56A789}.Release|Any CPU.Build.0 = Release|Any CPU
	EndGlobalSection
	GlobalSection(NestedProjects) = preSolution
		{15F8FD75-7433-4D26-A091-8B804B50C75C} = {2D97BB8D-A179-4B02-AABE-097A26C8ECFD}
		{A47EFF60-9716-4E83-823C-1A6AD0F4180B} = {2D97BB8D-A179-4B02-AABE-097A26C8ECFD}
		{7FBADBCD-80D6-4C6E-BA5F-AF9AC65FD9B5} = {2D97BB8D-A179-4B02-AABE-097A26C8ECFD}
		{E280C96A-76FA-4D3D-BAA5-27BDBEA71C9D} = {4858822B-FBD3-429F-9855-560EA526C9B1}
		{0EDF88EB-3AA1-4437-A4EF-40AF8F8ABB20} = {4858822B-FBD3-429F-9855-560EA526C9B1}
		{940E6C4F-877B-4CA4-A4F4-2BE9F6FBA5B0} = {2D97BB8D-A179-4B02-AABE-097A26C8ECFD}
		{B3A1D2E4-5F67-4890-AB12-CD34EF56A789} = {2D97BB8D-A179-4B02-AABE-097A26C8ECFD}
	EndGlobalSection
EndGlobal
