
Microsoft Visual Studio Solution File, Format Version 12.00
# Visual Studio Version 17
VisualStudioVersion = 17.0.31903.59
MinimumVisualStudioVersion = 10.0.40219.1
Project("{FAE04EC0-301F-11D3-BF4B-00C04F79EFBC}") = "Invekto.Contracts", "Invekto.Contracts\Invekto.Contracts.csproj", "{24AABD1D-4F00-437C-BA2C-FD42D66CC56E}"
EndProject
Project("{FAE04EC0-301F-11D3-BF4B-00C04F79EFBC}") = "Invekto.Infrastructure", "Invekto.Infrastructure\Invekto.Infrastructure.csproj", "{3E0B5553-1EB2-4D13-83FC-38D4B20803C7}"
EndProject
Global
	GlobalSection(SolutionConfigurationPlatforms) = preSolution
		Debug|Any CPU = Debug|Any CPU
		Release|Any CPU = Release|Any CPU
	EndGlobalSection
	GlobalSection(SolutionProperties) = preSolution
		HideSolutionNode = FALSE
	EndGlobalSection
	GlobalSection(ProjectConfigurationPlatforms) = postSolution
		{24AABD1D-4F00-437C-BA2C-FD42D66CC56E}.Debug|Any CPU.ActiveCfg = Debug|Any CPU
		{24AABD1D-4F00-437C-BA2C-FD42D66CC56E}.Debug|Any CPU.Build.0 = Debug|Any CPU
		{24AABD1D-4F00-437C-BA2C-FD42D66CC56E}.Release|Any CPU.ActiveCfg = Release|Any CPU
		{24AABD1D-4F00-437C-BA2C-FD42D66CC56E}.Release|Any CPU.Build.0 = Release|Any CPU
		{3E0B5553-1EB2-4D13-83FC-38D4B20803C7}.Debug|Any CPU.ActiveCfg = Debug|Any CPU
		{3E0B5553-1EB2-4D13-83FC-38D4B20803C7}.Debug|Any CPU.Build.0 = Debug|Any CPU
		{3E0B5553-1EB2-4D13-83FC-38D4B20803C7}.Release|Any CPU.ActiveCfg = Release|Any CPU
		{3E0B5553-1EB2-4D13-83FC-38D4B20803C7}.Release|Any CPU.Build.0 = Release|Any CPU
	EndGlobalSection
EndGlobal
